
Microsoft Visual Studio Solution File, Format Version 12.00
# Visual Studio 15
VisualStudioVersion = 15.0.27703.2035
MinimumVisualStudioVersion = 10.0.40219.1
Project("{9A19103F-16F7-4668-BE54-9A1E7A4F7556}") = "Vtora", "Vtora.csproj", "{EE4173A3-FCA4-4CA5-A6E0-D47D20812153}"
EndProject
Global
	GlobalSection(SolutionConfigurationPlatforms) = preSolution
		Debug|Any CPU = Debug|Any CPU
		Release|Any CPU = Release|Any CPU
	EndGlobalSection
	GlobalSection(ProjectConfigurationPlatforms) = postSolution
		{EE4173A3-FCA4-4CA5-A6E0-D47D20812153}.Debug|Any CPU.ActiveCfg = Debug|Any CPU
		{EE4173A3-FCA4-4CA5-A6E0-D47D20812153}.Debug|Any CPU.Build.0 = Debug|Any CPU
		{EE4173A3-FCA4-4CA5-A6E0-D47D20812153}.Release|Any CPU.ActiveCfg = Release|Any CPU
		{EE4173A3-FCA4-4CA5-A6E0-D47D20812153}.Release|Any CPU.Build.0 = Release|Any CPU
	EndGlobalSection
	GlobalSection(SolutionProperties) = preSolution
		HideSolutionNode = FALSE
	EndGlobalSection
	GlobalSection(ExtensibilityGlobals) = postSolution
		SolutionGuid = {EF812789-D2E7-4FB4-801A-5EDB14FF9E16}
	EndGlobalSection
EndGlobal
